
Microsoft Visual Studio Solution File, Format Version 12.00
# Visual Studio Version 16
VisualStudioVersion = 16.0.31129.286
MinimumVisualStudioVersion = 10.0.40219.1
Project("{FAE04EC0-301F-11D3-BF4B-00C04F79EFBC}") = "TH3", "TH3\TH3.csproj", "{BEE02BB9-8B62-4014-9451-0E1545EC8602}"
EndProject
Global
	GlobalSection(SolutionConfigurationPlatforms) = preSolution
		Debug|Any CPU = Debug|Any CPU
		Release|Any CPU = Release|Any CPU
	EndGlobalSection
	GlobalSection(ProjectConfigurationPlatforms) = postSolution
		{BEE02BB9-8B62-4014-9451-0E1545EC8602}.Debug|Any CPU.ActiveCfg = Debug|Any CPU
		{BEE02BB9-8B62-4014-9451-0E1545EC8602}.Debug|Any CPU.Build.0 = Debug|Any CPU
		{BEE02BB9-8B62-4014-9451-0E1545EC8602}.Release|Any CPU.ActiveCfg = Release|Any CPU
		{BEE02BB9-8B62-4014-9451-0E1545EC8602}.Release|Any CPU.Build.0 = Release|Any CPU
	EndGlobalSection
	GlobalSection(SolutionProperties) = preSolution
		HideSolutionNode = FALSE
	EndGlobalSection
	GlobalSection(ExtensibilityGlobals) = postSolution
		SolutionGuid = {43EA8044-D034-472E-9DAE-EE9A44058BB2}
	EndGlobalSection
EndGlobal
