
Microsoft Visual Studio Solution File, Format Version 12.00
# Visual Studio Version 16
VisualStudioVersion = 16.0.31025.194
MinimumVisualStudioVersion = 10.0.40219.1
Project("{FAE04EC0-301F-11D3-BF4B-00C04F79EFBC}") = "TH7NC", "TH7NC\TH7NC.csproj", "{93035ADD-5463-4E6C-9681-1ED0F31DA474}"
EndProject
Global
	GlobalSection(SolutionConfigurationPlatforms) = preSolution
		Debug|Any CPU = Debug|Any CPU
		Release|Any CPU = Release|Any CPU
	EndGlobalSection
	GlobalSection(ProjectConfigurationPlatforms) = postSolution
		{93035ADD-5463-4E6C-9681-1ED0F31DA474}.Debug|Any CPU.ActiveCfg = Debug|Any CPU
		{93035ADD-5463-4E6C-9681-1ED0F31DA474}.Debug|Any CPU.Build.0 = Debug|Any CPU
		{93035ADD-5463-4E6C-9681-1ED0F31DA474}.Release|Any CPU.ActiveCfg = Release|Any CPU
		{93035ADD-5463-4E6C-9681-1ED0F31DA474}.Release|Any CPU.Build.0 = Release|Any CPU
	EndGlobalSection
	GlobalSection(SolutionProperties) = preSolution
		HideSolutionNode = FALSE
	EndGlobalSection
	GlobalSection(ExtensibilityGlobals) = postSolution
		SolutionGuid = {67039E89-1315-4D66-93A7-B64813C9E247}
	EndGlobalSection
EndGlobal
