
Microsoft Visual Studio Solution File, Format Version 12.00
# Visual Studio Version 16
VisualStudioVersion = 16.0.31129.286
MinimumVisualStudioVersion = 10.0.40219.1
Project("{FAE04EC0-301F-11D3-BF4B-00C04F79EFBC}") = "KT1", "KT1\KT1.csproj", "{98031316-CF91-4504-B187-5D7770456A75}"
EndProject
Global
	GlobalSection(SolutionConfigurationPlatforms) = preSolution
		Debug|Any CPU = Debug|Any CPU
		Release|Any CPU = Release|Any CPU
	EndGlobalSection
	GlobalSection(ProjectConfigurationPlatforms) = postSolution
		{98031316-CF91-4504-B187-5D7770456A75}.Debug|Any CPU.ActiveCfg = Debug|Any CPU
		{98031316-CF91-4504-B187-5D7770456A75}.Debug|Any CPU.Build.0 = Debug|Any CPU
		{98031316-CF91-4504-B187-5D7770456A75}.Release|Any CPU.ActiveCfg = Release|Any CPU
		{98031316-CF91-4504-B187-5D7770456A75}.Release|Any CPU.Build.0 = Release|Any CPU
	EndGlobalSection
	GlobalSection(SolutionProperties) = preSolution
		HideSolutionNode = FALSE
	EndGlobalSection
	GlobalSection(ExtensibilityGlobals) = postSolution
		SolutionGuid = {66B50EFB-94E6-4A04-960F-E28839C05944}
	EndGlobalSection
EndGlobal
