
Microsoft Visual Studio Solution File, Format Version 12.00
# Visual Studio Version 16
VisualStudioVersion = 16.0.31129.286
MinimumVisualStudioVersion = 10.0.40219.1
Project("{FAE04EC0-301F-11D3-BF4B-00C04F79EFBC}") = "OOPTesT", "OOPTesT\OOPTesT.csproj", "{97A04E4C-8AAF-4689-9495-0BB82D9B4494}"
EndProject
Global
	GlobalSection(SolutionConfigurationPlatforms) = preSolution
		Debug|Any CPU = Debug|Any CPU
		Release|Any CPU = Release|Any CPU
	EndGlobalSection
	GlobalSection(ProjectConfigurationPlatforms) = postSolution
		{97A04E4C-8AAF-4689-9495-0BB82D9B4494}.Debug|Any CPU.ActiveCfg = Debug|Any CPU
		{97A04E4C-8AAF-4689-9495-0BB82D9B4494}.Debug|Any CPU.Build.0 = Debug|Any CPU
		{97A04E4C-8AAF-4689-9495-0BB82D9B4494}.Release|Any CPU.ActiveCfg = Release|Any CPU
		{97A04E4C-8AAF-4689-9495-0BB82D9B4494}.Release|Any CPU.Build.0 = Release|Any CPU
	EndGlobalSection
	GlobalSection(SolutionProperties) = preSolution
		HideSolutionNode = FALSE
	EndGlobalSection
	GlobalSection(ExtensibilityGlobals) = postSolution
		SolutionGuid = {7E0C2BA5-F2E5-4F03-92B2-B2BCE968307B}
	EndGlobalSection
EndGlobal
