
Microsoft Visual Studio Solution File, Format Version 12.00
# Visual Studio Version 16
VisualStudioVersion = 16.0.31729.503
MinimumVisualStudioVersion = 10.0.40219.1
Project("{FAE04EC0-301F-11D3-BF4B-00C04F79EFBC}") = "KT8112021", "KT8112021\KT8112021.csproj", "{42B6AF5F-232A-4027-ADFD-1D7109727880}"
EndProject
Global
	GlobalSection(SolutionConfigurationPlatforms) = preSolution
		Debug|Any CPU = Debug|Any CPU
		Release|Any CPU = Release|Any CPU
	EndGlobalSection
	GlobalSection(ProjectConfigurationPlatforms) = postSolution
		{42B6AF5F-232A-4027-ADFD-1D7109727880}.Debug|Any CPU.ActiveCfg = Debug|Any CPU
		{42B6AF5F-232A-4027-ADFD-1D7109727880}.Debug|Any CPU.Build.0 = Debug|Any CPU
		{42B6AF5F-232A-4027-ADFD-1D7109727880}.Release|Any CPU.ActiveCfg = Release|Any CPU
		{42B6AF5F-232A-4027-ADFD-1D7109727880}.Release|Any CPU.Build.0 = Release|Any CPU
	EndGlobalSection
	GlobalSection(SolutionProperties) = preSolution
		HideSolutionNode = FALSE
	EndGlobalSection
	GlobalSection(ExtensibilityGlobals) = postSolution
		SolutionGuid = {40F07646-1D79-4B7E-B852-F93DCECA8EFD}
	EndGlobalSection
EndGlobal
