
Microsoft Visual Studio Solution File, Format Version 12.00
# Visual Studio Version 16
VisualStudioVersion = 16.0.31129.286
MinimumVisualStudioVersion = 10.0.40219.1
Project("{FAE04EC0-301F-11D3-BF4B-00C04F79EFBC}") = "TestFile", "TestFile\TestFile.csproj", "{51343883-0070-4CB0-B73D-9A1A9811F82F}"
EndProject
Global
	GlobalSection(SolutionConfigurationPlatforms) = preSolution
		Debug|Any CPU = Debug|Any CPU
		Release|Any CPU = Release|Any CPU
	EndGlobalSection
	GlobalSection(ProjectConfigurationPlatforms) = postSolution
		{51343883-0070-4CB0-B73D-9A1A9811F82F}.Debug|Any CPU.ActiveCfg = Debug|Any CPU
		{51343883-0070-4CB0-B73D-9A1A9811F82F}.Debug|Any CPU.Build.0 = Debug|Any CPU
		{51343883-0070-4CB0-B73D-9A1A9811F82F}.Release|Any CPU.ActiveCfg = Release|Any CPU
		{51343883-0070-4CB0-B73D-9A1A9811F82F}.Release|Any CPU.Build.0 = Release|Any CPU
	EndGlobalSection
	GlobalSection(SolutionProperties) = preSolution
		HideSolutionNode = FALSE
	EndGlobalSection
	GlobalSection(ExtensibilityGlobals) = postSolution
		SolutionGuid = {D151F724-41E0-41D8-8BAC-81838E1CDA41}
	EndGlobalSection
EndGlobal
